
Microsoft Visual Studio Solution File, Format Version 12.00
# Visual Studio Version 16
VisualStudioVersion = 16.0.30621.155
MinimumVisualStudioVersion = 10.0.40219.1
Project("{FAE04EC0-301F-11D3-BF4B-00C04F79EFBC}") = "MathTaskClassLibrary", "MathTaskClassLibrary\MathTaskClassLibrary.csproj", "{B76BE78D-D2B3-47D8-801A-D8D4602C827A}"
EndProject
Project("{FAE04EC0-301F-11D3-BF4B-00C04F79EFBC}") = "MathTaskClassLibraryTests", "MathTaskClassLibraryTests\MathTaskClassLibraryTests.csproj", "{2BDD32BD-251C-411D-AC18-3662EB7A4107}"
EndProject
Global
	GlobalSection(SolutionConfigurationPlatforms) = preSolution
		Debug|Any CPU = Debug|Any CPU
		Release|Any CPU = Release|Any CPU
	EndGlobalSection
	GlobalSection(ProjectConfigurationPlatforms) = postSolution
		{B76BE78D-D2B3-47D8-801A-D8D4602C827A}.Debug|Any CPU.ActiveCfg = Debug|Any CPU
		{B76BE78D-D2B3-47D8-801A-D8D4602C827A}.Debug|Any CPU.Build.0 = Debug|Any CPU
		{B76BE78D-D2B3-47D8-801A-D8D4602C827A}.Release|Any CPU.ActiveCfg = Release|Any CPU
		{B76BE78D-D2B3-47D8-801A-D8D4602C827A}.Release|Any CPU.Build.0 = Release|Any CPU
		{2BDD32BD-251C-411D-AC18-3662EB7A4107}.Debug|Any CPU.ActiveCfg = Debug|Any CPU
		{2BDD32BD-251C-411D-AC18-3662EB7A4107}.Debug|Any CPU.Build.0 = Debug|Any CPU
		{2BDD32BD-251C-411D-AC18-3662EB7A4107}.Release|Any CPU.ActiveCfg = Release|Any CPU
		{2BDD32BD-251C-411D-AC18-3662EB7A4107}.Release|Any CPU.Build.0 = Release|Any CPU
	EndGlobalSection
	GlobalSection(SolutionProperties) = preSolution
		HideSolutionNode = FALSE
	EndGlobalSection
	GlobalSection(ExtensibilityGlobals) = postSolution
		SolutionGuid = {72874199-487C-4BDB-906C-E7F839373EC7}
	EndGlobalSection
EndGlobal
